
Microsoft Visual Studio Solution File, Format Version 12.00
Project("{2150E333-8FDC-42A3-9474-1A3956D46DE8}") = "src", "src", "{F4C17293-487B-4244-ADA0-898B3682CB89}"
EndProject
Project("{2150E333-8FDC-42A3-9474-1A3956D46DE8}") = "tests", "tests", "{9D89E175-0D52-4DFD-8DE2-D490D389F10A}"
EndProject
Project("{2150E333-8FDC-42A3-9474-1A3956D46DE8}") = "Application", "Application", "{40B9FD70-93FE-49D2-996C-A67C997AD56B}"
EndProject
Project("{2150E333-8FDC-42A3-9474-1A3956D46DE8}") = "Presentation", "Presentation", "{463E2085-EDC9-4E5A-8754-D1D6A4B42CFC}"
EndProject
Project("{2150E333-8FDC-42A3-9474-1A3956D46DE8}") = "Domain", "Domain", "{0C5D0EC6-FDE4-4925-BF50-EFF09DC4D195}"
EndProject
Project("{2150E333-8FDC-42A3-9474-1A3956D46DE8}") = "Infrastructure", "Infrastructure", "{0E649E0F-E236-4C13-B16F-4254E8B3BA43}"
EndProject
Project("{FAE04EC0-301F-11D3-BF4B-00C04F79EFBC}") = "ProgresiumToDo.Domain", "src\ProgresiumToDo.Domain\ProgresiumToDo.Domain.csproj", "{3DC75D72-86BE-4447-8B78-6868E29BE59E}"
EndProject
Project("{FAE04EC0-301F-11D3-BF4B-00C04F79EFBC}") = "ProgresiumToDo.Application", "src\ProgresiumToDo.Application\ProgresiumToDo.Application.csproj", "{B538C28C-CC44-4F0C-BAB0-A15604331635}"
EndProject
Project("{FAE04EC0-301F-11D3-BF4B-00C04F79EFBC}") = "ProgresiumToDo.Infrastructure", "src\ProgresiumToDo.Infrastructure\ProgresiumToDo.Infrastructure.csproj", "{A0726981-7377-4B2B-B6D0-1E4803B27D8B}"
EndProject
Project("{FAE04EC0-301F-11D3-BF4B-00C04F79EFBC}") = "ProgresiumToDo.API", "src\ProgresiumToDo.API\ProgresiumToDo.API.csproj", "{C775724A-BE7A-4D7F-A479-71E80A02FD04}"
EndProject
Global
	GlobalSection(SolutionConfigurationPlatforms) = preSolution
		Debug|Any CPU = Debug|Any CPU
		Release|Any CPU = Release|Any CPU
	EndGlobalSection
	GlobalSection(NestedProjects) = preSolution
		{40B9FD70-93FE-49D2-996C-A67C997AD56B} = {F4C17293-487B-4244-ADA0-898B3682CB89}
		{463E2085-EDC9-4E5A-8754-D1D6A4B42CFC} = {F4C17293-487B-4244-ADA0-898B3682CB89}
		{0C5D0EC6-FDE4-4925-BF50-EFF09DC4D195} = {F4C17293-487B-4244-ADA0-898B3682CB89}
		{0E649E0F-E236-4C13-B16F-4254E8B3BA43} = {F4C17293-487B-4244-ADA0-898B3682CB89}
		{3DC75D72-86BE-4447-8B78-6868E29BE59E} = {0C5D0EC6-FDE4-4925-BF50-EFF09DC4D195}
		{B538C28C-CC44-4F0C-BAB0-A15604331635} = {40B9FD70-93FE-49D2-996C-A67C997AD56B}
		{A0726981-7377-4B2B-B6D0-1E4803B27D8B} = {0E649E0F-E236-4C13-B16F-4254E8B3BA43}
		{C775724A-BE7A-4D7F-A479-71E80A02FD04} = {463E2085-EDC9-4E5A-8754-D1D6A4B42CFC}
	EndGlobalSection
	GlobalSection(ProjectConfigurationPlatforms) = postSolution
		{3DC75D72-86BE-4447-8B78-6868E29BE59E}.Debug|Any CPU.ActiveCfg = Debug|Any CPU
		{3DC75D72-86BE-4447-8B78-6868E29BE59E}.Debug|Any CPU.Build.0 = Debug|Any CPU
		{3DC75D72-86BE-4447-8B78-6868E29BE59E}.Release|Any CPU.ActiveCfg = Release|Any CPU
		{3DC75D72-86BE-4447-8B78-6868E29BE59E}.Release|Any CPU.Build.0 = Release|Any CPU
		{B538C28C-CC44-4F0C-BAB0-A15604331635}.Debug|Any CPU.ActiveCfg = Debug|Any CPU
		{B538C28C-CC44-4F0C-BAB0-A15604331635}.Debug|Any CPU.Build.0 = Debug|Any CPU
		{B538C28C-CC44-4F0C-BAB0-A15604331635}.Release|Any CPU.ActiveCfg = Release|Any CPU
		{B538C28C-CC44-4F0C-BAB0-A15604331635}.Release|Any CPU.Build.0 = Release|Any CPU
		{A0726981-7377-4B2B-B6D0-1E4803B27D8B}.Debug|Any CPU.ActiveCfg = Debug|Any CPU
		{A0726981-7377-4B2B-B6D0-1E4803B27D8B}.Debug|Any CPU.Build.0 = Debug|Any CPU
		{A0726981-7377-4B2B-B6D0-1E4803B27D8B}.Release|Any CPU.ActiveCfg = Release|Any CPU
		{A0726981-7377-4B2B-B6D0-1E4803B27D8B}.Release|Any CPU.Build.0 = Release|Any CPU
		{C775724A-BE7A-4D7F-A479-71E80A02FD04}.Debug|Any CPU.ActiveCfg = Debug|Any CPU
		{C775724A-BE7A-4D7F-A479-71E80A02FD04}.Debug|Any CPU.Build.0 = Debug|Any CPU
		{C775724A-BE7A-4D7F-A479-71E80A02FD04}.Release|Any CPU.ActiveCfg = Release|Any CPU
		{C775724A-BE7A-4D7F-A479-71E80A02FD04}.Release|Any CPU.Build.0 = Release|Any CPU
	EndGlobalSection
EndGlobal
